// !$*UTF8*$!
{
	archiveVersion = 1;
	classes = {
	};
	objectVersion = 56;
	objects = {

/* Begin PBXBuildFile section */
		09602B742BD5132400A6AFEA /* BlueModifier.swift in Sources */ = {isa = PBXBuildFile; fileRef = 09602B732BD5132400A6AFEA /* BlueModifier.swift */; };
		09602B762BD514D200A6AFEA /* WhiteModifier.swift in Sources */ = {isa = PBXBuildFile; fileRef = 09602B752BD514D200A6AFEA /* WhiteModifier.swift */; };
		09602B782BD5161D00A6AFEA /* TitleView.swift in Sources */ = {isa = PBXBuildFile; fileRef = 09602B772BD5161D00A6AFEA /* TitleView.swift */; };
		09602B7A2BD5162E00A6AFEA /* ButtonView.swift in Sources */ = {isa = PBXBuildFile; fileRef = 09602B792BD5162E00A6AFEA /* ButtonView.swift */; };
		09602B7C2BD5164900A6AFEA /* BenefitsView.swift in Sources */ = {isa = PBXBuildFile; fileRef = 09602B7B2BD5164900A6AFEA /* BenefitsView.swift */; };
		09B74C072BCD676E005E2D93 /* TossUIApp.swift in Sources */ = {isa = PBXBuildFile; fileRef = 09B74C062BCD676E005E2D93 /* TossUIApp.swift */; };
		09B74C092BCD676E005E2D93 /* ContentView.swift in Sources */ = {isa = PBXBuildFile; fileRef = 09B74C082BCD676E005E2D93 /* ContentView.swift */; };
		09B74C0B2BCD6770005E2D93 /* Assets.xcassets in Resources */ = {isa = PBXBuildFile; fileRef = 09B74C0A2BCD6770005E2D93 /* Assets.xcassets */; };
		09B74C0E2BCD6770005E2D93 /* Preview Assets.xcassets in Resources */ = {isa = PBXBuildFile; fileRef = 09B74C0D2BCD6770005E2D93 /* Preview Assets.xcassets */; };
		09B74C152BCD67E0005E2D93 /* AgreementView.swift in Sources */ = {isa = PBXBuildFile; fileRef = 09B74C142BCD67E0005E2D93 /* AgreementView.swift */; };
/* End PBXBuildFile section */

/* Begin PBXFileReference section */
		09602B732BD5132400A6AFEA /* BlueModifier.swift */ = {isa = PBXFileReference; lastKnownFileType = sourcecode.swift; path = BlueModifier.swift; sourceTree = "<group>"; };
		09602B752BD514D200A6AFEA /* WhiteModifier.swift */ = {isa = PBXFileReference; lastKnownFileType = sourcecode.swift; path = WhiteModifier.swift; sourceTree = "<group>"; };
		09602B772BD5161D00A6AFEA /* TitleView.swift */ = {isa = PBXFileReference; lastKnownFileType = sourcecode.swift; path = TitleView.swift; sourceTree = "<group>"; };
		09602B792BD5162E00A6AFEA /* ButtonView.swift */ = {isa = PBXFileReference; lastKnownFileType = sourcecode.swift; path = ButtonView.swift; sourceTree = "<group>"; };
		09602B7B2BD5164900A6AFEA /* BenefitsView.swift */ = {isa = PBXFileReference; lastKnownFileType = sourcecode.swift; path = BenefitsView.swift; sourceTree = "<group>"; };
		09B74C032BCD676E005E2D93 /* TossUI.app */ = {isa = PBXFileReference; explicitFileType = wrapper.application; includeInIndex = 0; path = TossUI.app; sourceTree = BUILT_PRODUCTS_DIR; };
		09B74C062BCD676E005E2D93 /* TossUIApp.swift */ = {isa = PBXFileReference; lastKnownFileType = sourcecode.swift; path = TossUIApp.swift; sourceTree = "<group>"; };
		09B74C082BCD676E005E2D93 /* ContentView.swift */ = {isa = PBXFileReference; lastKnownFileType = sourcecode.swift; path = ContentView.swift; sourceTree = "<group>"; };
		09B74C0A2BCD6770005E2D93 /* Assets.xcassets */ = {isa = PBXFileReference; lastKnownFileType = folder.assetcatalog; path = Assets.xcassets; sourceTree = "<group>"; };
		09B74C0D2BCD6770005E2D93 /* Preview Assets.xcassets */ = {isa = PBXFileReference; lastKnownFileType = folder.assetcatalog; path = "Preview Assets.xcassets"; sourceTree = "<group>"; };
		09B74C142BCD67E0005E2D93 /* AgreementView.swift */ = {isa = PBXFileReference; lastKnownFileType = sourcecode.swift; path = AgreementView.swift; sourceTree = "<group>"; };
/* End PBXFileReference section */

/* Begin PBXFrameworksBuildPhase section */
		09B74C002BCD676E005E2D93 /* Frameworks */ = {
			isa = PBXFrameworksBuildPhase;
			buildActionMask = 2147483647;
			files = (
			);
			runOnlyForDeploymentPostprocessing = 0;
		};
/* End PBXFrameworksBuildPhase section */

/* Begin PBXGroup section */
		09B74BFA2BCD676E005E2D93 = {
			isa = PBXGroup;
			children = (
				09B74C052BCD676E005E2D93 /* TossUI */,
				09B74C042BCD676E005E2D93 /* Products */,
			);
			sourceTree = "<group>";
		};
		09B74C042BCD676E005E2D93 /* Products */ = {
			isa = PBXGroup;
			children = (
				09B74C032BCD676E005E2D93 /* TossUI.app */,
			);
			name = Products;
			sourceTree = "<group>";
		};
		09B74C052BCD676E005E2D93 /* TossUI */ = {
			isa = PBXGroup;
			children = (
				09B74C062BCD676E005E2D93 /* TossUIApp.swift */,
				09B74C082BCD676E005E2D93 /* ContentView.swift */,
				09B74C142BCD67E0005E2D93 /* AgreementView.swift */,
				09602B772BD5161D00A6AFEA /* TitleView.swift */,
				09602B7B2BD5164900A6AFEA /* BenefitsView.swift */,
				09602B792BD5162E00A6AFEA /* ButtonView.swift */,
				09602B732BD5132400A6AFEA /* BlueModifier.swift */,
				09602B752BD514D200A6AFEA /* WhiteModifier.swift */,
				09B74C0A2BCD6770005E2D93 /* Assets.xcassets */,
				09B74C0C2BCD6770005E2D93 /* Preview Content */,
			);
			path = TossUI;
			sourceTree = "<group>";
		};
		09B74C0C2BCD6770005E2D93 /* Preview Content */ = {
			isa = PBXGroup;
			children = (
				09B74C0D2BCD6770005E2D93 /* Preview Assets.xcassets */,
			);
			path = "Preview Content";
			sourceTree = "<group>";
		};
/* End PBXGroup section */

/* Begin PBXNativeTarget section */
		09B74C022BCD676E005E2D93 /* TossUI */ = {
			isa = PBXNativeTarget;
			buildConfigurationList = 09B74C112BCD6770005E2D93 /* Build configuration list for PBXNativeTarget "TossUI" */;
			buildPhases = (
				09B74BFF2BCD676E005E2D93 /* Sources */,
				09B74C002BCD676E005E2D93 /* Frameworks */,
				09B74C012BCD676E005E2D93 /* Resources */,
			);
			buildRules = (
			);
			dependencies = (
			);
			name = TossUI;
			productName = TossUI;
			productReference = 09B74C032BCD676E005E2D93 /* TossUI.app */;
			productType = "com.apple.product-type.application";
		};
/* End PBXNativeTarget section */

/* Begin PBXProject section */
		09B74BFB2BCD676E005E2D93 /* Project object */ = {
			isa = PBXProject;
			attributes = {
				BuildIndependentTargetsInParallel = 1;
				LastSwiftUpdateCheck = 1510;
				LastUpgradeCheck = 1510;
				TargetAttributes = {
					09B74C022BCD676E005E2D93 = {
						CreatedOnToolsVersion = 15.1;
					};
				};
			};
			buildConfigurationList = 09B74BFE2BCD676E005E2D93 /* Build configuration list for PBXProject "TossUI" */;
			compatibilityVersion = "Xcode 14.0";
			developmentRegion = en;
			hasScannedForEncodings = 0;
			knownRegions = (
				en,
				Base,
			);
			mainGroup = 09B74BFA2BCD676E005E2D93;
			productRefGroup = 09B74C042BCD676E005E2D93 /* Products */;
			projectDirPath = "";
			projectRoot = "";
			targets = (
				09B74C022BCD676E005E2D93 /* TossUI */,
			);
		};
/* End PBXProject section */

/* Begin PBXResourcesBuildPhase section */
		09B74C012BCD676E005E2D93 /* Resources */ = {
			isa = PBXResourcesBuildPhase;
			buildActionMask = 2147483647;
			files = (
				09B74C0E2BCD6770005E2D93 /* Preview Assets.xcassets in Resources */,
				09B74C0B2BCD6770005E2D93 /* Assets.xcassets in Resources */,
			);
			runOnlyForDeploymentPostprocessing = 0;
		};
/* End PBXResourcesBuildPhase section */

/* Begin PBXSourcesBuildPhase section */
		09B74BFF2BCD676E005E2D93 /* Sources */ = {
			isa = PBXSourcesBuildPhase;
			buildActionMask = 2147483647;
			files = (
				09602B7C2BD5164900A6AFEA /* BenefitsView.swift in Sources */,
				09B74C092BCD676E005E2D93 /* ContentView.swift in Sources */,
				09B74C152BCD67E0005E2D93 /* AgreementView.swift in Sources */,
				09602B742BD5132400A6AFEA /* BlueModifier.swift in Sources */,
				09B74C072BCD676E005E2D93 /* TossUIApp.swift in Sources */,
				09602B762BD514D200A6AFEA /* WhiteModifier.swift in Sources */,
				09602B782BD5161D00A6AFEA /* TitleView.swift in Sources */,
				09602B7A2BD5162E00A6AFEA /* ButtonView.swift in Sources */,
			);
			runOnlyForDeploymentPostprocessing = 0;
		};
/* End PBXSourcesBuildPhase section */

/* Begin XCBuildConfiguration section */
		09B74C0F2BCD6770005E2D93 /* Debug */ = {
			isa = XCBuildConfiguration;
			buildSettings = {
				ALWAYS_SEARCH_USER_PATHS = NO;
				ASSETCATALOG_COMPILER_GENERATE_SWIFT_ASSET_SYMBOL_EXTENSIONS = YES;
				CLANG_ANALYZER_NONNULL = YES;
				CLANG_ANALYZER_NUMBER_OBJECT_CONVERSION = YES_AGGRESSIVE;
				CLANG_CXX_LANGUAGE_STANDARD = "gnu++20";
				CLANG_ENABLE_MODULES = YES;
				CLANG_ENABLE_OBJC_ARC = YES;
				CLANG_ENABLE_OBJC_WEAK = YES;
				CLANG_WARN_BLOCK_CAPTURE_AUTORELEASING = YES;
				CLANG_WARN_BOOL_CONVERSION = YES;
				CLANG_WARN_COMMA = YES;
				CLANG_WARN_CONSTANT_CONVERSION = YES;
				CLANG_WARN_DEPRECATED_OBJC_IMPLEMENTATIONS = YES;
				CLANG_WARN_DIRECT_OBJC_ISA_USAGE = YES_ERROR;
				CLANG_WARN_DOCUMENTATION_COMMENTS = YES;
				CLANG_WARN_EMPTY_BODY = YES;
				CLANG_WARN_ENUM_CONVERSION = YES;
				CLANG_WARN_INFINITE_RECURSION = YES;
				CLANG_WARN_INT_CONVERSION = YES;
				CLANG_WARN_NON_LITERAL_NULL_CONVERSION = YES;
				CLANG_WARN_OBJC_IMPLICIT_RETAIN_SELF = YES;
				CLANG_WARN_OBJC_LITERAL_CONVERSION = YES;
				CLANG_WARN_OBJC_ROOT_CLASS = YES_ERROR;
				CLANG_WARN_QUOTED_INCLUDE_IN_FRAMEWORK_HEADER = YES;
				CLANG_WARN_RANGE_LOOP_ANALYSIS = YES;
				CLANG_WARN_STRICT_PROTOTYPES = YES;
				CLANG_WARN_SUSPICIOUS_MOVE = YES;
				CLANG_WARN_UNGUARDED_AVAILABILITY = YES_AGGRESSIVE;
				CLANG_WARN_UNREACHABLE_CODE = YES;
				CLANG_WARN__DUPLICATE_METHOD_MATCH = YES;
				COPY_PHASE_STRIP = NO;
				DEBUG_INFORMATION_FORMAT = dwarf;
				ENABLE_STRICT_OBJC_MSGSEND = YES;
				ENABLE_TESTABILITY = YES;
				ENABLE_USER_SCRIPT_SANDBOXING = YES;
				GCC_C_LANGUAGE_STANDARD = gnu17;
				GCC_DYNAMIC_NO_PIC = NO;
				GCC_NO_COMMON_BLOCKS = YES;
				GCC_OPTIMIZATION_LEVEL = 0;
				GCC_PREPROCESSOR_DEFINITIONS = (
					"DEBUG=1",
					"$(inherited)",
				);
				GCC_WARN_64_TO_32_BIT_CONVERSION = YES;
				GCC_WARN_ABOUT_RETURN_TYPE = YES_ERROR;
				GCC_WARN_UNDECLARED_SELECTOR = YES;
				GCC_WARN_UNINITIALIZED_AUTOS = YES_AGGRESSIVE;
				GCC_WARN_UNUSED_FUNCTION = YES;
				GCC_WARN_UNUSED_VARIABLE = YES;
				IPHONEOS_DEPLOYMENT_TARGET = 17.2;
				LOCALIZATION_PREFERS_STRING_CATALOGS = YES;
				MTL_ENABLE_DEBUG_INFO = INCLUDE_SOURCE;
				MTL_FAST_MATH = YES;
				ONLY_ACTIVE_ARCH = YES;
				SDKROOT = iphoneos;
				SWIFT_ACTIVE_COMPILATION_CONDITIONS = "DEBUG $(inherited)";
				SWIFT_OPTIMIZATION_LEVEL = "-Onone";
			};
			name = Debug;
		};
		09B74C102BCD6770005E2D93 /* Release */ = {
			isa = XCBuildConfiguration;
			buildSettings = {
				ALWAYS_SEARCH_USER_PATHS = NO;
				ASSETCATALOG_COMPILER_GENERATE_SWIFT_ASSET_SYMBOL_EXTENSIONS = YES;
				CLANG_ANALYZER_NONNULL = YES;
				CLANG_ANALYZER_NUMBER_OBJECT_CONVERSION = YES_AGGRESSIVE;
				CLANG_CXX_LANGUAGE_STANDARD = "gnu++20";
				CLANG_ENABLE_MODULES = YES;
				CLANG_ENABLE_OBJC_ARC = YES;
				CLANG_ENABLE_OBJC_WEAK = YES;
				CLANG_WARN_BLOCK_CAPTURE_AUTORELEASING = YES;
				CLANG_WARN_BOOL_CONVERSION = YES;
				CLANG_WARN_COMMA = YES;
				CLANG_WARN_CONSTANT_CONVERSION = YES;
				CLANG_WARN_DEPRECATED_OBJC_IMPLEMENTATIONS = YES;
				CLANG_WARN_DIRECT_OBJC_ISA_USAGE = YES_ERROR;
				CLANG_WARN_DOCUMENTATION_COMMENTS = YES;
				CLANG_WARN_EMPTY_BODY = YES;
				CLANG_WARN_ENUM_CONVERSION = YES;
				CLANG_WARN_INFINITE_RECURSION = YES;
				CLANG_WARN_INT_CONVERSION = YES;
				CLANG_WARN_NON_LITERAL_NULL_CONVERSION = YES;
				CLANG_WARN_OBJC_IMPLICIT_RETAIN_SELF = YES;
				CLANG_WARN_OBJC_LITERAL_CONVERSION = YES;
				CLANG_WARN_OBJC_ROOT_CLASS = YES_ERROR;
				CLANG_WARN_QUOTED_INCLUDE_IN_FRAMEWORK_HEADER = YES;
				CLANG_WARN_RANGE_LOOP_ANALYSIS = YES;
				CLANG_WARN_STRICT_PROTOTYPES = YES;
				CLANG_WARN_SUSPICIOUS_MOVE = YES;
				CLANG_WARN_UNGUARDED_AVAILABILITY = YES_AGGRESSIVE;
				CLANG_WARN_UNREACHABLE_CODE = YES;
				CLANG_WARN__DUPLICATE_METHOD_MATCH = YES;
				COPY_PHASE_STRIP = NO;
				DEBUG_INFORMATION_FORMAT = "dwarf-with-dsym";
				ENABLE_NS_ASSERTIONS = NO;
				ENABLE_STRICT_OBJC_MSGSEND = YES;
				ENABLE_USER_SCRIPT_SANDBOXING = YES;
				GCC_C_LANGUAGE_STANDARD = gnu17;
				GCC_NO_COMMON_BLOCKS = YES;
				GCC_WARN_64_TO_32_BIT_CONVERSION = YES;
				GCC_WARN_ABOUT_RETURN_TYPE = YES_ERROR;
				GCC_WARN_UNDECLARED_SELECTOR = YES;
				GCC_WARN_UNINITIALIZED_AUTOS = YES_AGGRESSIVE;
				GCC_WARN_UNUSED_FUNCTION = YES;
				GCC_WARN_UNUSED_VARIABLE = YES;
				IPHONEOS_DEPLOYMENT_TARGET = 17.2;
				LOCALIZATION_PREFERS_STRING_CATALOGS = YES;
				MTL_ENABLE_DEBUG_INFO = NO;
				MTL_FAST_MATH = YES;
				SDKROOT = iphoneos;
				SWIFT_COMPILATION_MODE = wholemodule;
				VALIDATE_PRODUCT = YES;
			};
			name = Release;
		};
		09B74C122BCD6770005E2D93 /* Debug */ = {
			isa = XCBuildConfiguration;
			buildSettings = {
				ASSETCATALOG_COMPILER_APPICON_NAME = AppIcon;
				ASSETCATALOG_COMPILER_GLOBAL_ACCENT_COLOR_NAME = AccentColor;
				CODE_SIGN_STYLE = Automatic;
				CURRENT_PROJECT_VERSION = 1;
				DEVELOPMENT_ASSET_PATHS = "\"TossUI/Preview Content\"";
				ENABLE_PREVIEWS = YES;
				GENERATE_INFOPLIST_FILE = YES;
				INFOPLIST_KEY_UIApplicationSceneManifest_Generation = YES;
				INFOPLIST_KEY_UIApplicationSupportsIndirectInputEvents = YES;
				INFOPLIST_KEY_UILaunchScreen_Generation = YES;
				INFOPLIST_KEY_UISupportedInterfaceOrientations_iPad = "UIInterfaceOrientationPortrait UIInterfaceOrientationPortraitUpsideDown UIInterfaceOrientationLandscapeLeft UIInterfaceOrientationLandscapeRight";
				INFOPLIST_KEY_UISupportedInterfaceOrientations_iPhone = "UIInterfaceOrientationPortrait UIInterfaceOrientationLandscapeLeft UIInterfaceOrientationLandscapeRight";
				LD_RUNPATH_SEARCH_PATHS = (
					"$(inherited)",
					"@executable_path/Frameworks",
				);
				MARKETING_VERSION = 1.0;
				PRODUCT_BUNDLE_IDENTIFIER = com.j.TossUI;
				PRODUCT_NAME = "$(TARGET_NAME)";
				SWIFT_EMIT_LOC_STRINGS = YES;
				SWIFT_VERSION = 5.0;
				TARGETED_DEVICE_FAMILY = "1,2";
			};
			name = Debug;
		};
		09B74C132BCD6770005E2D93 /* Release */ = {
			isa = XCBuildConfiguration;
			buildSettings = {
				ASSETCATALOG_COMPILER_APPICON_NAME = AppIcon;
				ASSETCATALOG_COMPILER_GLOBAL_ACCENT_COLOR_NAME = AccentColor;
				CODE_SIGN_STYLE = Automatic;
				CURRENT_PROJECT_VERSION = 1;
				DEVELOPMENT_ASSET_PATHS = "\"TossUI/Preview Content\"";
				ENABLE_PREVIEWS = YES;
				GENERATE_INFOPLIST_FILE = YES;
				INFOPLIST_KEY_UIApplicationSceneManifest_Generation = YES;
				INFOPLIST_KEY_UIApplicationSupportsIndirectInputEvents = YES;
				INFOPLIST_KEY_UILaunchScreen_Generation = YES;
				INFOPLIST_KEY_UISupportedInterfaceOrientations_iPad = "UIInterfaceOrientationPortrait UIInterfaceOrientationPortraitUpsideDown UIInterfaceOrientationLandscapeLeft UIInterfaceOrientationLandscapeRight";
				INFOPLIST_KEY_UISupportedInterfaceOrientations_iPhone = "UIInterfaceOrientationPortrait UIInterfaceOrientationLandscapeLeft UIInterfaceOrientationLandscapeRight";
				LD_RUNPATH_SEARCH_PATHS = (
					"$(inherited)",
					"@executable_path/Frameworks",
				);
				MARKETING_VERSION = 1.0;
				PRODUCT_BUNDLE_IDENTIFIER = com.j.TossUI;
				PRODUCT_NAME = "$(TARGET_NAME)";
				SWIFT_EMIT_LOC_STRINGS = YES;
				SWIFT_VERSION = 5.0;
				TARGETED_DEVICE_FAMILY = "1,2";
			};
			name = Release;
		};
/* End XCBuildConfiguration section */

/* Begin XCConfigurationList section */
		09B74BFE2BCD676E005E2D93 /* Build configuration list for PBXProject "TossUI" */ = {
			isa = XCConfigurationList;
			buildConfigurations = (
				09B74C0F2BCD6770005E2D93 /* Debug */,
				09B74C102BCD6770005E2D93 /* Release */,
			);
			defaultConfigurationIsVisible = 0;
			defaultConfigurationName = Release;
		};
		09B74C112BCD6770005E2D93 /* Build configuration list for PBXNativeTarget "TossUI" */ = {
			isa = XCConfigurationList;
			buildConfigurations = (
				09B74C122BCD6770005E2D93 /* Debug */,
				09B74C132BCD6770005E2D93 /* Release */,
			);
			defaultConfigurationIsVisible = 0;
			defaultConfigurationName = Release;
		};
/* End XCConfigurationList section */
	};
	rootObject = 09B74BFB2BCD676E005E2D93 /* Project object */;
}
